
Microsoft Visual Studio Solution File, Format Version 12.00
# Visual Studio 2012
Project("{FAE04EC0-301F-11D3-BF4B-00C04F79EFBC}") = "BJDX.MySchoolOA.Model", "BJDX.MySchoolOA.Model\BJDX.MySchoolOA.Model.csproj", "{93566413-4D34-4357-947C-026BF24056A0}"
EndProject
Project("{FAE04EC0-301F-11D3-BF4B-00C04F79EFBC}") = "BJDX.MySchoolOA.IDAL", "BJDX.MySchoolOA.IDAL\BJDX.MySchoolOA.IDAL.csproj", "{0BD891D9-0BCE-48BC-A483-75B0408E94BB}"
EndProject
Global
	GlobalSection(SolutionConfigurationPlatforms) = preSolution
		Debug|Any CPU = Debug|Any CPU
		Release|Any CPU = Release|Any CPU
	EndGlobalSection
	GlobalSection(ProjectConfigurationPlatforms) = postSolution
		{93566413-4D34-4357-947C-026BF24056A0}.Debug|Any CPU.ActiveCfg = Debug|Any CPU
		{93566413-4D34-4357-947C-026BF24056A0}.Debug|Any CPU.Build.0 = Debug|Any CPU
		{93566413-4D34-4357-947C-026BF24056A0}.Release|Any CPU.ActiveCfg = Release|Any CPU
		{93566413-4D34-4357-947C-026BF24056A0}.Release|Any CPU.Build.0 = Release|Any CPU
		{0BD891D9-0BCE-48BC-A483-75B0408E94BB}.Debug|Any CPU.ActiveCfg = Debug|Any CPU
		{0BD891D9-0BCE-48BC-A483-75B0408E94BB}.Debug|Any CPU.Build.0 = Debug|Any CPU
		{0BD891D9-0BCE-48BC-A483-75B0408E94BB}.Release|Any CPU.ActiveCfg = Release|Any CPU
		{0BD891D9-0BCE-48BC-A483-75B0408E94BB}.Release|Any CPU.Build.0 = Release|Any CPU
	EndGlobalSection
	GlobalSection(SolutionProperties) = preSolution
		HideSolutionNode = FALSE
	EndGlobalSection
EndGlobal
